
Microsoft Visual Studio Solution File, Format Version 12.00
# Visual Studio Version 17
VisualStudioVersion = 17.6.33829.357
MinimumVisualStudioVersion = 10.0.40219.1
Project("{9A19103F-16F7-4668-BE54-9A1E7A4F7556}") = "Webapp", "Webapp\Webapp.csproj", "{56DCC011-68F7-4984-8161-FD17A3CEFE20}"
EndProject
Project("{9A19103F-16F7-4668-BE54-9A1E7A4F7556}") = "Data", "Data\Data.csproj", "{494DF476-68B7-47DF-8450-A1F153C7F97F}"
EndProject
Project("{9A19103F-16F7-4668-BE54-9A1E7A4F7556}") = "Models", "Models\Models.csproj", "{5242B828-3322-4BC2-A68D-17BA8C49ADB3}"
EndProject
Project("{FAE04EC0-301F-11D3-BF4B-00C04F79EFBC}") = "Utils", "Utils\Utils.csproj", "{E42B5B55-E959-4D6D-BFE5-513506A24613}"
EndProject
Global
	GlobalSection(SolutionConfigurationPlatforms) = preSolution
		Debug|Any CPU = Debug|Any CPU
		Release|Any CPU = Release|Any CPU
	EndGlobalSection
	GlobalSection(ProjectConfigurationPlatforms) = postSolution
		{56DCC011-68F7-4984-8161-FD17A3CEFE20}.Debug|Any CPU.ActiveCfg = Debug|Any CPU
		{56DCC011-68F7-4984-8161-FD17A3CEFE20}.Debug|Any CPU.Build.0 = Debug|Any CPU
		{56DCC011-68F7-4984-8161-FD17A3CEFE20}.Release|Any CPU.ActiveCfg = Release|Any CPU
		{56DCC011-68F7-4984-8161-FD17A3CEFE20}.Release|Any CPU.Build.0 = Release|Any CPU
		{494DF476-68B7-47DF-8450-A1F153C7F97F}.Debug|Any CPU.ActiveCfg = Debug|Any CPU
		{494DF476-68B7-47DF-8450-A1F153C7F97F}.Debug|Any CPU.Build.0 = Debug|Any CPU
		{494DF476-68B7-47DF-8450-A1F153C7F97F}.Release|Any CPU.ActiveCfg = Release|Any CPU
		{494DF476-68B7-47DF-8450-A1F153C7F97F}.Release|Any CPU.Build.0 = Release|Any CPU
		{5242B828-3322-4BC2-A68D-17BA8C49ADB3}.Debug|Any CPU.ActiveCfg = Debug|Any CPU
		{5242B828-3322-4BC2-A68D-17BA8C49ADB3}.Debug|Any CPU.Build.0 = Debug|Any CPU
		{5242B828-3322-4BC2-A68D-17BA8C49ADB3}.Release|Any CPU.ActiveCfg = Release|Any CPU
		{5242B828-3322-4BC2-A68D-17BA8C49ADB3}.Release|Any CPU.Build.0 = Release|Any CPU
		{E42B5B55-E959-4D6D-BFE5-513506A24613}.Debug|Any CPU.ActiveCfg = Debug|Any CPU
		{E42B5B55-E959-4D6D-BFE5-513506A24613}.Debug|Any CPU.Build.0 = Debug|Any CPU
		{E42B5B55-E959-4D6D-BFE5-513506A24613}.Release|Any CPU.ActiveCfg = Release|Any CPU
		{E42B5B55-E959-4D6D-BFE5-513506A24613}.Release|Any CPU.Build.0 = Release|Any CPU
	EndGlobalSection
	GlobalSection(SolutionProperties) = preSolution
		HideSolutionNode = FALSE
	EndGlobalSection
	GlobalSection(ExtensibilityGlobals) = postSolution
		SolutionGuid = {6EF1AEC9-ACFE-4919-8FBC-927886675770}
	EndGlobalSection
EndGlobal
